
Microsoft Visual Studio Solution File, Format Version 12.00
# Visual Studio Version 17
VisualStudioVersion = 17.2.32602.215
MinimumVisualStudioVersion = 10.0.40219.1
Project("{FAE04EC0-301F-11D3-BF4B-00C04F79EFBC}") = "FizzBuzzPrimeWordDemo", "FizzBuzzPrimeWordDemo\FizzBuzzPrimeWordDemo.csproj", "{CA8C200D-3F78-4A2B-B144-0B711E3F7D63}"
EndProject
Global
	GlobalSection(SolutionConfigurationPlatforms) = preSolution
		Debug|Any CPU = Debug|Any CPU
		Release|Any CPU = Release|Any CPU
	EndGlobalSection
	GlobalSection(ProjectConfigurationPlatforms) = postSolution
		{CA8C200D-3F78-4A2B-B144-0B711E3F7D63}.Debug|Any CPU.ActiveCfg = Debug|Any CPU
		{CA8C200D-3F78-4A2B-B144-0B711E3F7D63}.Debug|Any CPU.Build.0 = Debug|Any CPU
		{CA8C200D-3F78-4A2B-B144-0B711E3F7D63}.Release|Any CPU.ActiveCfg = Release|Any CPU
		{CA8C200D-3F78-4A2B-B144-0B711E3F7D63}.Release|Any CPU.Build.0 = Release|Any CPU
	EndGlobalSection
	GlobalSection(SolutionProperties) = preSolution
		HideSolutionNode = FALSE
	EndGlobalSection
	GlobalSection(ExtensibilityGlobals) = postSolution
		SolutionGuid = {FEB30CB5-5922-4A4D-91EE-BD8A2AF6140A}
	EndGlobalSection
EndGlobal
